
Microsoft Visual Studio Solution File, Format Version 12.00
# Visual Studio 2012
Project("{FAE04EC0-301F-11D3-BF4B-00C04F79EFBC}") = "StorageMonster.Common", "StorageMonster.Common\StorageMonster.Common.csproj", "{6EAD7036-B02D-4810-9DD8-C2B5ED772220}"
EndProject
Project("{FAE04EC0-301F-11D3-BF4B-00C04F79EFBC}") = "StorageMonster.Domain", "StorageMonster.Domain\StorageMonster.Domain.csproj", "{9B8636B6-96C1-4C48-873F-FD142E67A7E2}"
EndProject
Project("{FAE04EC0-301F-11D3-BF4B-00C04F79EFBC}") = "StorageMonster.Database", "StorageMonster.Database\StorageMonster.Database.csproj", "{98345447-133D-4824-8CBD-6D5C74D50CB7}"
EndProject
Project("{FAE04EC0-301F-11D3-BF4B-00C04F79EFBC}") = "StorageMonster.Utilities", "StorageMonster.Utilities\StorageMonster.Utilities.csproj", "{FCBFD68D-ABFA-4C96-A793-AEB57959EF81}"
EndProject
Project("{FAE04EC0-301F-11D3-BF4B-00C04F79EFBC}") = "StorageMonster.Services", "StorageMonster.Services\StorageMonster.Services.csproj", "{7657B8A1-30D2-4576-A87C-3885A41A3994}"
EndProject
Project("{2150E333-8FDC-42A3-9474-1A3956D46DE8}") = "Plugins", "Plugins", "{DD88ADAC-E904-4BE7-A9F2-10838AAC9E96}"
EndProject
Project("{FAE04EC0-301F-11D3-BF4B-00C04F79EFBC}") = "StorageMonster.Plugin", "Plugins\StorageMonster.Plugin\StorageMonster.Plugin.csproj", "{F35D9F41-7648-4BAF-87F0-DCF7C09C530A}"
EndProject
Project("{FAE04EC0-301F-11D3-BF4B-00C04F79EFBC}") = "StorageMonster.Services.Facade", "StorageMonster.Services.Facade\StorageMonster.Services.Facade.csproj", "{670674E3-2325-4C8A-8EAF-D9CFCA5CFC98}"
EndProject
Project("{FAE04EC0-301F-11D3-BF4B-00C04F79EFBC}") = "StorageMonster.Plugin.WebDav", "Plugins\StorageMonster.Plugin.WebDav\StorageMonster.Plugin.WebDav.csproj", "{2F6361AF-FD3E-478C-BC45-7F9E9B70C563}"
EndProject
Project("{FAE04EC0-301F-11D3-BF4B-00C04F79EFBC}") = "StorageMonster.Plugin.YandexDisk", "Plugins\StorageMonster.Plugin.YandexDisk\StorageMonster.Plugin.YandexDisk.csproj", "{D292CF40-B914-4C42-B000-DDFD11BC1FF1}"
EndProject
Project("{FAE04EC0-301F-11D3-BF4B-00C04F79EFBC}") = "StorageMonster.Web", "StorageMonster.Web\StorageMonster.Web.csproj", "{191D408A-50BF-4B47-85DB-E957B068285D}"
EndProject
Project("{FAE04EC0-301F-11D3-BF4B-00C04F79EFBC}") = "StorageMonster.Database.Nhibernate", "StorageMonster.Database.Nhibernate\StorageMonster.Database.Nhibernate.csproj", "{8F475778-C4B2-4DBC-A2CA-7E97CBA24A73}"
EndProject
Project("{FAE04EC0-301F-11D3-BF4B-00C04F79EFBC}") = "Nhibernate.Test", "Nhibernate.Test\Nhibernate.Test.csproj", "{91765798-16BE-47A2-B727-84B35C582959}"
EndProject
Project("{2150E333-8FDC-42A3-9474-1A3956D46DE8}") = "SqlSchema", "SqlSchema", "{B4CAA614-3425-4410-8B96-9D75D894010B}"
	ProjectSection(SolutionItems) = preProject
		SqlSchema\MonsterSchema.MsSql.sql = SqlSchema\MonsterSchema.MsSql.sql
		SqlSchema\MonsterSchema.MySql.sql = SqlSchema\MonsterSchema.MySql.sql
		SqlSchema\MonsterSchema.PgSql.sql = SqlSchema\MonsterSchema.PgSql.sql
	EndProjectSection
EndProject
Global
	GlobalSection(SolutionConfigurationPlatforms) = preSolution
		Debug.Calipsod.MySQL|Any CPU = Debug.Calipsod.MySQL|Any CPU
		Debug.P7H55.MySQL|Any CPU = Debug.P7H55.MySQL|Any CPU
		Debug.P7H55.PgSQL|Any CPU = Debug.P7H55.PgSQL|Any CPU
		Debug.Syno.MySQL|Any CPU = Debug.Syno.MySQL|Any CPU
		Release|Any CPU = Release|Any CPU
	EndGlobalSection
	GlobalSection(ProjectConfigurationPlatforms) = postSolution
		{6EAD7036-B02D-4810-9DD8-C2B5ED772220}.Debug.Calipsod.MySQL|Any CPU.ActiveCfg = Debug.Calipsod.MySQL|Any CPU
		{6EAD7036-B02D-4810-9DD8-C2B5ED772220}.Debug.Calipsod.MySQL|Any CPU.Build.0 = Debug.Calipsod.MySQL|Any CPU
		{6EAD7036-B02D-4810-9DD8-C2B5ED772220}.Debug.P7H55.MySQL|Any CPU.ActiveCfg = Debug.P7H55.MySQL|Any CPU
		{6EAD7036-B02D-4810-9DD8-C2B5ED772220}.Debug.P7H55.MySQL|Any CPU.Build.0 = Debug.P7H55.MySQL|Any CPU
		{6EAD7036-B02D-4810-9DD8-C2B5ED772220}.Debug.P7H55.PgSQL|Any CPU.ActiveCfg = Debug.P7H55.PgSQL|Any CPU
		{6EAD7036-B02D-4810-9DD8-C2B5ED772220}.Debug.P7H55.PgSQL|Any CPU.Build.0 = Debug.P7H55.PgSQL|Any CPU
		{6EAD7036-B02D-4810-9DD8-C2B5ED772220}.Debug.Syno.MySQL|Any CPU.ActiveCfg = Debug.Syno.MySQL|Any CPU
		{6EAD7036-B02D-4810-9DD8-C2B5ED772220}.Debug.Syno.MySQL|Any CPU.Build.0 = Debug.Syno.MySQL|Any CPU
		{6EAD7036-B02D-4810-9DD8-C2B5ED772220}.Release|Any CPU.ActiveCfg = Release|Any CPU
		{6EAD7036-B02D-4810-9DD8-C2B5ED772220}.Release|Any CPU.Build.0 = Release|Any CPU
		{9B8636B6-96C1-4C48-873F-FD142E67A7E2}.Debug.Calipsod.MySQL|Any CPU.ActiveCfg = Debug.Calipsod.MySQL|Any CPU
		{9B8636B6-96C1-4C48-873F-FD142E67A7E2}.Debug.Calipsod.MySQL|Any CPU.Build.0 = Debug.Calipsod.MySQL|Any CPU
		{9B8636B6-96C1-4C48-873F-FD142E67A7E2}.Debug.P7H55.MySQL|Any CPU.ActiveCfg = Debug.P7H55.MySQL|Any CPU
		{9B8636B6-96C1-4C48-873F-FD142E67A7E2}.Debug.P7H55.MySQL|Any CPU.Build.0 = Debug.P7H55.MySQL|Any CPU
		{9B8636B6-96C1-4C48-873F-FD142E67A7E2}.Debug.P7H55.PgSQL|Any CPU.ActiveCfg = Debug.P7H55.PgSQL|Any CPU
		{9B8636B6-96C1-4C48-873F-FD142E67A7E2}.Debug.P7H55.PgSQL|Any CPU.Build.0 = Debug.P7H55.PgSQL|Any CPU
		{9B8636B6-96C1-4C48-873F-FD142E67A7E2}.Debug.Syno.MySQL|Any CPU.ActiveCfg = Debug.Syno.MySQL|Any CPU
		{9B8636B6-96C1-4C48-873F-FD142E67A7E2}.Debug.Syno.MySQL|Any CPU.Build.0 = Debug.Syno.MySQL|Any CPU
		{9B8636B6-96C1-4C48-873F-FD142E67A7E2}.Release|Any CPU.ActiveCfg = Release|Any CPU
		{9B8636B6-96C1-4C48-873F-FD142E67A7E2}.Release|Any CPU.Build.0 = Release|Any CPU
		{98345447-133D-4824-8CBD-6D5C74D50CB7}.Debug.Calipsod.MySQL|Any CPU.ActiveCfg = Debug.Calipsod.MySQL|Any CPU
		{98345447-133D-4824-8CBD-6D5C74D50CB7}.Debug.Calipsod.MySQL|Any CPU.Build.0 = Debug.Calipsod.MySQL|Any CPU
		{98345447-133D-4824-8CBD-6D5C74D50CB7}.Debug.P7H55.MySQL|Any CPU.ActiveCfg = Debug.P7H55.MySQL|Any CPU
		{98345447-133D-4824-8CBD-6D5C74D50CB7}.Debug.P7H55.MySQL|Any CPU.Build.0 = Debug.P7H55.MySQL|Any CPU
		{98345447-133D-4824-8CBD-6D5C74D50CB7}.Debug.P7H55.PgSQL|Any CPU.ActiveCfg = Debug.P7H55.PgSQL|Any CPU
		{98345447-133D-4824-8CBD-6D5C74D50CB7}.Debug.P7H55.PgSQL|Any CPU.Build.0 = Debug.P7H55.PgSQL|Any CPU
		{98345447-133D-4824-8CBD-6D5C74D50CB7}.Debug.Syno.MySQL|Any CPU.ActiveCfg = Debug.Syno.MySQL|Any CPU
		{98345447-133D-4824-8CBD-6D5C74D50CB7}.Debug.Syno.MySQL|Any CPU.Build.0 = Debug.Syno.MySQL|Any CPU
		{98345447-133D-4824-8CBD-6D5C74D50CB7}.Release|Any CPU.ActiveCfg = Release|Any CPU
		{98345447-133D-4824-8CBD-6D5C74D50CB7}.Release|Any CPU.Build.0 = Release|Any CPU
		{FCBFD68D-ABFA-4C96-A793-AEB57959EF81}.Debug.Calipsod.MySQL|Any CPU.ActiveCfg = Debug.Calipsod.MySQL|Any CPU
		{FCBFD68D-ABFA-4C96-A793-AEB57959EF81}.Debug.Calipsod.MySQL|Any CPU.Build.0 = Debug.Calipsod.MySQL|Any CPU
		{FCBFD68D-ABFA-4C96-A793-AEB57959EF81}.Debug.P7H55.MySQL|Any CPU.ActiveCfg = Debug.P7H55.MySQL|Any CPU
		{FCBFD68D-ABFA-4C96-A793-AEB57959EF81}.Debug.P7H55.MySQL|Any CPU.Build.0 = Debug.P7H55.MySQL|Any CPU
		{FCBFD68D-ABFA-4C96-A793-AEB57959EF81}.Debug.P7H55.PgSQL|Any CPU.ActiveCfg = Debug.P7H55.PgSQL|Any CPU
		{FCBFD68D-ABFA-4C96-A793-AEB57959EF81}.Debug.P7H55.PgSQL|Any CPU.Build.0 = Debug.P7H55.PgSQL|Any CPU
		{FCBFD68D-ABFA-4C96-A793-AEB57959EF81}.Debug.Syno.MySQL|Any CPU.ActiveCfg = Debug.Syno.MySQL|Any CPU
		{FCBFD68D-ABFA-4C96-A793-AEB57959EF81}.Debug.Syno.MySQL|Any CPU.Build.0 = Debug.Syno.MySQL|Any CPU
		{FCBFD68D-ABFA-4C96-A793-AEB57959EF81}.Release|Any CPU.ActiveCfg = Release|Any CPU
		{FCBFD68D-ABFA-4C96-A793-AEB57959EF81}.Release|Any CPU.Build.0 = Release|Any CPU
		{7657B8A1-30D2-4576-A87C-3885A41A3994}.Debug.Calipsod.MySQL|Any CPU.ActiveCfg = Debug.Calipsod.MySQL|Any CPU
		{7657B8A1-30D2-4576-A87C-3885A41A3994}.Debug.Calipsod.MySQL|Any CPU.Build.0 = Debug.Calipsod.MySQL|Any CPU
		{7657B8A1-30D2-4576-A87C-3885A41A3994}.Debug.P7H55.MySQL|Any CPU.ActiveCfg = Debug.P7H55.MySQL|Any CPU
		{7657B8A1-30D2-4576-A87C-3885A41A3994}.Debug.P7H55.MySQL|Any CPU.Build.0 = Debug.P7H55.MySQL|Any CPU
		{7657B8A1-30D2-4576-A87C-3885A41A3994}.Debug.P7H55.PgSQL|Any CPU.ActiveCfg = Debug.P7H55.PgSQL|Any CPU
		{7657B8A1-30D2-4576-A87C-3885A41A3994}.Debug.P7H55.PgSQL|Any CPU.Build.0 = Debug.P7H55.PgSQL|Any CPU
		{7657B8A1-30D2-4576-A87C-3885A41A3994}.Debug.Syno.MySQL|Any CPU.ActiveCfg = Debug.Syno.MySQL|Any CPU
		{7657B8A1-30D2-4576-A87C-3885A41A3994}.Debug.Syno.MySQL|Any CPU.Build.0 = Debug.Syno.MySQL|Any CPU
		{7657B8A1-30D2-4576-A87C-3885A41A3994}.Release|Any CPU.ActiveCfg = Release|Any CPU
		{7657B8A1-30D2-4576-A87C-3885A41A3994}.Release|Any CPU.Build.0 = Release|Any CPU
		{F35D9F41-7648-4BAF-87F0-DCF7C09C530A}.Debug.Calipsod.MySQL|Any CPU.ActiveCfg = Debug.Calipsod.MySQL|Any CPU
		{F35D9F41-7648-4BAF-87F0-DCF7C09C530A}.Debug.Calipsod.MySQL|Any CPU.Build.0 = Debug.Calipsod.MySQL|Any CPU
		{F35D9F41-7648-4BAF-87F0-DCF7C09C530A}.Debug.P7H55.MySQL|Any CPU.ActiveCfg = Debug.P7H55.MySQL|Any CPU
		{F35D9F41-7648-4BAF-87F0-DCF7C09C530A}.Debug.P7H55.MySQL|Any CPU.Build.0 = Debug.P7H55.MySQL|Any CPU
		{F35D9F41-7648-4BAF-87F0-DCF7C09C530A}.Debug.P7H55.PgSQL|Any CPU.ActiveCfg = Debug.P7H55.PgSQL|Any CPU
		{F35D9F41-7648-4BAF-87F0-DCF7C09C530A}.Debug.P7H55.PgSQL|Any CPU.Build.0 = Debug.P7H55.PgSQL|Any CPU
		{F35D9F41-7648-4BAF-87F0-DCF7C09C530A}.Debug.Syno.MySQL|Any CPU.ActiveCfg = Debug.Syno.MySQL|Any CPU
		{F35D9F41-7648-4BAF-87F0-DCF7C09C530A}.Debug.Syno.MySQL|Any CPU.Build.0 = Debug.Syno.MySQL|Any CPU
		{F35D9F41-7648-4BAF-87F0-DCF7C09C530A}.Release|Any CPU.ActiveCfg = Release|Any CPU
		{F35D9F41-7648-4BAF-87F0-DCF7C09C530A}.Release|Any CPU.Build.0 = Release|Any CPU
		{670674E3-2325-4C8A-8EAF-D9CFCA5CFC98}.Debug.Calipsod.MySQL|Any CPU.ActiveCfg = Debug.Calipsod.MySQL|Any CPU
		{670674E3-2325-4C8A-8EAF-D9CFCA5CFC98}.Debug.Calipsod.MySQL|Any CPU.Build.0 = Debug.Calipsod.MySQL|Any CPU
		{670674E3-2325-4C8A-8EAF-D9CFCA5CFC98}.Debug.P7H55.MySQL|Any CPU.ActiveCfg = Debug.P7H55.MySQL|Any CPU
		{670674E3-2325-4C8A-8EAF-D9CFCA5CFC98}.Debug.P7H55.MySQL|Any CPU.Build.0 = Debug.P7H55.MySQL|Any CPU
		{670674E3-2325-4C8A-8EAF-D9CFCA5CFC98}.Debug.P7H55.PgSQL|Any CPU.ActiveCfg = Debug.P7H55.PgSQL|Any CPU
		{670674E3-2325-4C8A-8EAF-D9CFCA5CFC98}.Debug.P7H55.PgSQL|Any CPU.Build.0 = Debug.P7H55.PgSQL|Any CPU
		{670674E3-2325-4C8A-8EAF-D9CFCA5CFC98}.Debug.Syno.MySQL|Any CPU.ActiveCfg = Debug.Syno.MySQL|Any CPU
		{670674E3-2325-4C8A-8EAF-D9CFCA5CFC98}.Debug.Syno.MySQL|Any CPU.Build.0 = Debug.Syno.MySQL|Any CPU
		{670674E3-2325-4C8A-8EAF-D9CFCA5CFC98}.Release|Any CPU.ActiveCfg = Release|Any CPU
		{670674E3-2325-4C8A-8EAF-D9CFCA5CFC98}.Release|Any CPU.Build.0 = Release|Any CPU
		{2F6361AF-FD3E-478C-BC45-7F9E9B70C563}.Debug.Calipsod.MySQL|Any CPU.ActiveCfg = Debug.Calipsod.MySQL|Any CPU
		{2F6361AF-FD3E-478C-BC45-7F9E9B70C563}.Debug.Calipsod.MySQL|Any CPU.Build.0 = Debug.Calipsod.MySQL|Any CPU
		{2F6361AF-FD3E-478C-BC45-7F9E9B70C563}.Debug.P7H55.MySQL|Any CPU.ActiveCfg = Debug.P7H55.MySQL|Any CPU
		{2F6361AF-FD3E-478C-BC45-7F9E9B70C563}.Debug.P7H55.MySQL|Any CPU.Build.0 = Debug.P7H55.MySQL|Any CPU
		{2F6361AF-FD3E-478C-BC45-7F9E9B70C563}.Debug.P7H55.PgSQL|Any CPU.ActiveCfg = Debug.P7H55.PgSQL|Any CPU
		{2F6361AF-FD3E-478C-BC45-7F9E9B70C563}.Debug.P7H55.PgSQL|Any CPU.Build.0 = Debug.P7H55.PgSQL|Any CPU
		{2F6361AF-FD3E-478C-BC45-7F9E9B70C563}.Debug.Syno.MySQL|Any CPU.ActiveCfg = Debug.Syno.MySQL|Any CPU
		{2F6361AF-FD3E-478C-BC45-7F9E9B70C563}.Debug.Syno.MySQL|Any CPU.Build.0 = Debug.Syno.MySQL|Any CPU
		{2F6361AF-FD3E-478C-BC45-7F9E9B70C563}.Release|Any CPU.ActiveCfg = Release|Any CPU
		{2F6361AF-FD3E-478C-BC45-7F9E9B70C563}.Release|Any CPU.Build.0 = Release|Any CPU
		{D292CF40-B914-4C42-B000-DDFD11BC1FF1}.Debug.Calipsod.MySQL|Any CPU.ActiveCfg = Debug.Calipsod.MySQL|Any CPU
		{D292CF40-B914-4C42-B000-DDFD11BC1FF1}.Debug.Calipsod.MySQL|Any CPU.Build.0 = Debug.Calipsod.MySQL|Any CPU
		{D292CF40-B914-4C42-B000-DDFD11BC1FF1}.Debug.P7H55.MySQL|Any CPU.ActiveCfg = Debug.P7H55.MySQL|Any CPU
		{D292CF40-B914-4C42-B000-DDFD11BC1FF1}.Debug.P7H55.MySQL|Any CPU.Build.0 = Debug.P7H55.MySQL|Any CPU
		{D292CF40-B914-4C42-B000-DDFD11BC1FF1}.Debug.P7H55.PgSQL|Any CPU.ActiveCfg = Debug.P7H55.PgSQL|Any CPU
		{D292CF40-B914-4C42-B000-DDFD11BC1FF1}.Debug.P7H55.PgSQL|Any CPU.Build.0 = Debug.P7H55.PgSQL|Any CPU
		{D292CF40-B914-4C42-B000-DDFD11BC1FF1}.Debug.Syno.MySQL|Any CPU.ActiveCfg = Debug.Syno.MySQL|Any CPU
		{D292CF40-B914-4C42-B000-DDFD11BC1FF1}.Debug.Syno.MySQL|Any CPU.Build.0 = Debug.Syno.MySQL|Any CPU
		{D292CF40-B914-4C42-B000-DDFD11BC1FF1}.Release|Any CPU.ActiveCfg = Release|Any CPU
		{D292CF40-B914-4C42-B000-DDFD11BC1FF1}.Release|Any CPU.Build.0 = Release|Any CPU
		{191D408A-50BF-4B47-85DB-E957B068285D}.Debug.Calipsod.MySQL|Any CPU.ActiveCfg = Debug.Calipsod.MySQL|Any CPU
		{191D408A-50BF-4B47-85DB-E957B068285D}.Debug.Calipsod.MySQL|Any CPU.Build.0 = Debug.Calipsod.MySQL|Any CPU
		{191D408A-50BF-4B47-85DB-E957B068285D}.Debug.P7H55.MySQL|Any CPU.ActiveCfg = Debug.P7H55.MySQL|Any CPU
		{191D408A-50BF-4B47-85DB-E957B068285D}.Debug.P7H55.MySQL|Any CPU.Build.0 = Debug.P7H55.MySQL|Any CPU
		{191D408A-50BF-4B47-85DB-E957B068285D}.Debug.P7H55.PgSQL|Any CPU.ActiveCfg = Debug.P7H55.PgSQL|Any CPU
		{191D408A-50BF-4B47-85DB-E957B068285D}.Debug.P7H55.PgSQL|Any CPU.Build.0 = Debug.P7H55.PgSQL|Any CPU
		{191D408A-50BF-4B47-85DB-E957B068285D}.Debug.Syno.MySQL|Any CPU.ActiveCfg = Debug.Syno.MySQL|Any CPU
		{191D408A-50BF-4B47-85DB-E957B068285D}.Debug.Syno.MySQL|Any CPU.Build.0 = Debug.Syno.MySQL|Any CPU
		{191D408A-50BF-4B47-85DB-E957B068285D}.Release|Any CPU.ActiveCfg = Release|Any CPU
		{191D408A-50BF-4B47-85DB-E957B068285D}.Release|Any CPU.Build.0 = Release|Any CPU
		{8F475778-C4B2-4DBC-A2CA-7E97CBA24A73}.Debug.Calipsod.MySQL|Any CPU.ActiveCfg = Debug.Calipsod.MySQL|Any CPU
		{8F475778-C4B2-4DBC-A2CA-7E97CBA24A73}.Debug.Calipsod.MySQL|Any CPU.Build.0 = Debug.Calipsod.MySQL|Any CPU
		{8F475778-C4B2-4DBC-A2CA-7E97CBA24A73}.Debug.P7H55.MySQL|Any CPU.ActiveCfg = Debug|Any CPU
		{8F475778-C4B2-4DBC-A2CA-7E97CBA24A73}.Debug.P7H55.MySQL|Any CPU.Build.0 = Debug|Any CPU
		{8F475778-C4B2-4DBC-A2CA-7E97CBA24A73}.Debug.P7H55.PgSQL|Any CPU.ActiveCfg = Debug|Any CPU
		{8F475778-C4B2-4DBC-A2CA-7E97CBA24A73}.Debug.P7H55.PgSQL|Any CPU.Build.0 = Debug|Any CPU
		{8F475778-C4B2-4DBC-A2CA-7E97CBA24A73}.Debug.Syno.MySQL|Any CPU.ActiveCfg = Debug|Any CPU
		{8F475778-C4B2-4DBC-A2CA-7E97CBA24A73}.Debug.Syno.MySQL|Any CPU.Build.0 = Debug|Any CPU
		{8F475778-C4B2-4DBC-A2CA-7E97CBA24A73}.Release|Any CPU.ActiveCfg = Release|Any CPU
		{8F475778-C4B2-4DBC-A2CA-7E97CBA24A73}.Release|Any CPU.Build.0 = Release|Any CPU
		{91765798-16BE-47A2-B727-84B35C582959}.Debug.Calipsod.MySQL|Any CPU.ActiveCfg = Debug.Calipsod.MySQL|Any CPU
		{91765798-16BE-47A2-B727-84B35C582959}.Debug.Calipsod.MySQL|Any CPU.Build.0 = Debug.Calipsod.MySQL|Any CPU
		{91765798-16BE-47A2-B727-84B35C582959}.Debug.P7H55.MySQL|Any CPU.ActiveCfg = Debug|Any CPU
		{91765798-16BE-47A2-B727-84B35C582959}.Debug.P7H55.MySQL|Any CPU.Build.0 = Debug|Any CPU
		{91765798-16BE-47A2-B727-84B35C582959}.Debug.P7H55.PgSQL|Any CPU.ActiveCfg = Debug|Any CPU
		{91765798-16BE-47A2-B727-84B35C582959}.Debug.P7H55.PgSQL|Any CPU.Build.0 = Debug|Any CPU
		{91765798-16BE-47A2-B727-84B35C582959}.Debug.Syno.MySQL|Any CPU.ActiveCfg = Debug|Any CPU
		{91765798-16BE-47A2-B727-84B35C582959}.Debug.Syno.MySQL|Any CPU.Build.0 = Debug|Any CPU
		{91765798-16BE-47A2-B727-84B35C582959}.Release|Any CPU.ActiveCfg = Release|Any CPU
		{91765798-16BE-47A2-B727-84B35C582959}.Release|Any CPU.Build.0 = Release|Any CPU
	EndGlobalSection
	GlobalSection(SolutionProperties) = preSolution
		HideSolutionNode = FALSE
	EndGlobalSection
	GlobalSection(NestedProjects) = preSolution
		{F35D9F41-7648-4BAF-87F0-DCF7C09C530A} = {DD88ADAC-E904-4BE7-A9F2-10838AAC9E96}
		{2F6361AF-FD3E-478C-BC45-7F9E9B70C563} = {DD88ADAC-E904-4BE7-A9F2-10838AAC9E96}
		{D292CF40-B914-4C42-B000-DDFD11BC1FF1} = {DD88ADAC-E904-4BE7-A9F2-10838AAC9E96}
	EndGlobalSection
EndGlobal
