
Microsoft Visual Studio Solution File, Format Version 11.00
# Visual Web Developer Express 2010
Project("{FAE04EC0-301F-11D3-BF4B-00C04F79EFBC}") = "StorageMonster.Utilities", "StorageMonster.Utilities\StorageMonster.Utilities.csproj", "{FCBFD68D-ABFA-4C96-A793-AEB57959EF81}"
EndProject
Project("{FAE04EC0-301F-11D3-BF4B-00C04F79EFBC}") = "StorageMonster.Common", "StorageMonster.Common\StorageMonster.Common.csproj", "{6EAD7036-B02D-4810-9DD8-C2B5ED772220}"
EndProject
Project("{FAE04EC0-301F-11D3-BF4B-00C04F79EFBC}") = "StorageMonster.Domain", "StorageMonster.Domain\StorageMonster.Domain.csproj", "{9B8636B6-96C1-4C48-873F-FD142E67A7E2}"
EndProject
Project("{FAE04EC0-301F-11D3-BF4B-00C04F79EFBC}") = "StorageMonster.Database", "StorageMonster.Database\StorageMonster.Database.csproj", "{98345447-133D-4824-8CBD-6D5C74D50CB7}"
EndProject
Project("{FAE04EC0-301F-11D3-BF4B-00C04F79EFBC}") = "StorageMonster.Database.MySql", "StorageMonster.Database.MySql\StorageMonster.Database.MySql.csproj", "{7EC44A61-F242-48F7-B606-1BC8FAF91D48}"
EndProject
Project("{FAE04EC0-301F-11D3-BF4B-00C04F79EFBC}") = "StorageMonster.Services", "StorageMonster.Services\StorageMonster.Services.csproj", "{7657B8A1-30D2-4576-A87C-3885A41A3994}"
EndProject
Project("{FAE04EC0-301F-11D3-BF4B-00C04F79EFBC}") = "StorageMonster.Services.Facade", "StorageMonster.Services.Facade\StorageMonster.Services.Facade.csproj", "{670674E3-2325-4C8A-8EAF-D9CFCA5CFC98}"
EndProject
Project("{FAE04EC0-301F-11D3-BF4B-00C04F79EFBC}") = "StorageMonster.Web", "StorageMonster.Web\StorageMonster.Web.csproj", "{37F121EE-FC9A-49F0-B88B-BD65B5A2C306}"
EndProject
Project("{FAE04EC0-301F-11D3-BF4B-00C04F79EFBC}") = "StorageMonster.Plugin", "Plugins\StorageMonster.Plugin\StorageMonster.Plugin.csproj", "{F35D9F41-7648-4BAF-87F0-DCF7C09C530A}"
EndProject
Project("{FAE04EC0-301F-11D3-BF4B-00C04F79EFBC}") = "StorageMonster.Plugin.WebDav", "Plugins\StorageMonster.Plugin.WebDav\StorageMonster.Plugin.WebDav.csproj", "{2F6361AF-FD3E-478C-BC45-7F9E9B70C563}"
EndProject
Project("{FAE04EC0-301F-11D3-BF4B-00C04F79EFBC}") = "StorageMonster.Plugin.YandexDisk", "Plugins\StorageMonster.Plugin.YandexDisk\StorageMonster.Plugin.YandexDisk.csproj", "{D292CF40-B914-4C42-B000-DDFD11BC1FF1}"
EndProject
Project("{FAE04EC0-301F-11D3-BF4B-00C04F79EFBC}") = "StorageMonster.Database.PgSql", "StorageMonster.Database.PgSql\StorageMonster.Database.PgSql.csproj", "{EA91E3A5-8D19-40F2-8DE7-A2D3F0F0FE25}"
EndProject
Global
	GlobalSection(SolutionConfigurationPlatforms) = preSolution
		Debug|Any CPU = Debug|Any CPU
		Release|Any CPU = Release|Any CPU
	EndGlobalSection
	GlobalSection(ProjectConfigurationPlatforms) = postSolution
		{FCBFD68D-ABFA-4C96-A793-AEB57959EF81}.Debug|Any CPU.ActiveCfg = Debug|Any CPU
		{FCBFD68D-ABFA-4C96-A793-AEB57959EF81}.Debug|Any CPU.Build.0 = Debug|Any CPU
		{FCBFD68D-ABFA-4C96-A793-AEB57959EF81}.Release|Any CPU.ActiveCfg = Release|Any CPU
		{FCBFD68D-ABFA-4C96-A793-AEB57959EF81}.Release|Any CPU.Build.0 = Release|Any CPU
		{6EAD7036-B02D-4810-9DD8-C2B5ED772220}.Debug|Any CPU.ActiveCfg = Debug|Any CPU
		{6EAD7036-B02D-4810-9DD8-C2B5ED772220}.Release|Any CPU.ActiveCfg = Release|Any CPU
		{9B8636B6-96C1-4C48-873F-FD142E67A7E2}.Debug|Any CPU.ActiveCfg = Debug|Any CPU
		{9B8636B6-96C1-4C48-873F-FD142E67A7E2}.Debug|Any CPU.Build.0 = Debug|Any CPU
		{9B8636B6-96C1-4C48-873F-FD142E67A7E2}.Release|Any CPU.ActiveCfg = Release|Any CPU
		{9B8636B6-96C1-4C48-873F-FD142E67A7E2}.Release|Any CPU.Build.0 = Release|Any CPU
		{98345447-133D-4824-8CBD-6D5C74D50CB7}.Debug|Any CPU.ActiveCfg = Debug|Any CPU
		{98345447-133D-4824-8CBD-6D5C74D50CB7}.Debug|Any CPU.Build.0 = Debug|Any CPU
		{98345447-133D-4824-8CBD-6D5C74D50CB7}.Release|Any CPU.ActiveCfg = Release|Any CPU
		{98345447-133D-4824-8CBD-6D5C74D50CB7}.Release|Any CPU.Build.0 = Release|Any CPU
		{7EC44A61-F242-48F7-B606-1BC8FAF91D48}.Debug|Any CPU.ActiveCfg = Debug|Any CPU
		{7EC44A61-F242-48F7-B606-1BC8FAF91D48}.Debug|Any CPU.Build.0 = Debug|Any CPU
		{7EC44A61-F242-48F7-B606-1BC8FAF91D48}.Release|Any CPU.ActiveCfg = Release|Any CPU
		{7EC44A61-F242-48F7-B606-1BC8FAF91D48}.Release|Any CPU.Build.0 = Release|Any CPU
		{7657B8A1-30D2-4576-A87C-3885A41A3994}.Debug|Any CPU.ActiveCfg = Debug|Any CPU
		{7657B8A1-30D2-4576-A87C-3885A41A3994}.Debug|Any CPU.Build.0 = Debug|Any CPU
		{7657B8A1-30D2-4576-A87C-3885A41A3994}.Release|Any CPU.ActiveCfg = Release|Any CPU
		{7657B8A1-30D2-4576-A87C-3885A41A3994}.Release|Any CPU.Build.0 = Release|Any CPU
		{670674E3-2325-4C8A-8EAF-D9CFCA5CFC98}.Debug|Any CPU.ActiveCfg = Debug|Any CPU
		{670674E3-2325-4C8A-8EAF-D9CFCA5CFC98}.Debug|Any CPU.Build.0 = Debug|Any CPU
		{670674E3-2325-4C8A-8EAF-D9CFCA5CFC98}.Release|Any CPU.ActiveCfg = Release|Any CPU
		{670674E3-2325-4C8A-8EAF-D9CFCA5CFC98}.Release|Any CPU.Build.0 = Release|Any CPU
		{37F121EE-FC9A-49F0-B88B-BD65B5A2C306}.Debug|Any CPU.ActiveCfg = Debug|Any CPU
		{37F121EE-FC9A-49F0-B88B-BD65B5A2C306}.Debug|Any CPU.Build.0 = Debug|Any CPU
		{37F121EE-FC9A-49F0-B88B-BD65B5A2C306}.Release|Any CPU.ActiveCfg = Release|Any CPU
		{37F121EE-FC9A-49F0-B88B-BD65B5A2C306}.Release|Any CPU.Build.0 = Release|Any CPU
		{F35D9F41-7648-4BAF-87F0-DCF7C09C530A}.Debug|Any CPU.ActiveCfg = Debug|Any CPU
		{F35D9F41-7648-4BAF-87F0-DCF7C09C530A}.Debug|Any CPU.Build.0 = Debug|Any CPU
		{F35D9F41-7648-4BAF-87F0-DCF7C09C530A}.Release|Any CPU.ActiveCfg = Release|Any CPU
		{F35D9F41-7648-4BAF-87F0-DCF7C09C530A}.Release|Any CPU.Build.0 = Release|Any CPU
		{2F6361AF-FD3E-478C-BC45-7F9E9B70C563}.Debug|Any CPU.ActiveCfg = Debug|Any CPU
		{2F6361AF-FD3E-478C-BC45-7F9E9B70C563}.Debug|Any CPU.Build.0 = Debug|Any CPU
		{2F6361AF-FD3E-478C-BC45-7F9E9B70C563}.Release|Any CPU.ActiveCfg = Release|Any CPU
		{2F6361AF-FD3E-478C-BC45-7F9E9B70C563}.Release|Any CPU.Build.0 = Release|Any CPU
		{D292CF40-B914-4C42-B000-DDFD11BC1FF1}.Debug|Any CPU.ActiveCfg = Debug|Any CPU
		{D292CF40-B914-4C42-B000-DDFD11BC1FF1}.Debug|Any CPU.Build.0 = Debug|Any CPU
		{D292CF40-B914-4C42-B000-DDFD11BC1FF1}.Release|Any CPU.ActiveCfg = Release|Any CPU
		{D292CF40-B914-4C42-B000-DDFD11BC1FF1}.Release|Any CPU.Build.0 = Release|Any CPU
		{EA91E3A5-8D19-40F2-8DE7-A2D3F0F0FE25}.Debug|Any CPU.ActiveCfg = Debug|Any CPU
		{EA91E3A5-8D19-40F2-8DE7-A2D3F0F0FE25}.Debug|Any CPU.Build.0 = Debug|Any CPU
		{EA91E3A5-8D19-40F2-8DE7-A2D3F0F0FE25}.Release|Any CPU.ActiveCfg = Release|Any CPU
		{EA91E3A5-8D19-40F2-8DE7-A2D3F0F0FE25}.Release|Any CPU.Build.0 = Release|Any CPU
	EndGlobalSection
	GlobalSection(SolutionProperties) = preSolution
		HideSolutionNode = FALSE
	EndGlobalSection
EndGlobal
