
Microsoft Visual Studio Solution File, Format Version 10.00
# Visual Studio 2008
Project("{FAE04EC0-301F-11D3-BF4B-00C04F79EFBC}") = "StorageMonster.DB", "StorageMonster.DB\StorageMonster.DB.csproj", "{7B42BC0B-C45B-41C8-9121-24B7C1D0BBBA}"
EndProject
Project("{FAE04EC0-301F-11D3-BF4B-00C04F79EFBC}") = "StorageMonster.DB.MySQL", "StorageMonster.DB.MySQL\StorageMonster.DB.MySQL.csproj", "{9B4C5D0D-B76D-4EE5-8D51-60D8D7627C2B}"
EndProject
Project("{FAE04EC0-301F-11D3-BF4B-00C04F79EFBC}") = "StorageMonster.Common", "StorageMonster.Common\StorageMonster.Common.csproj", "{CAA03339-8CEE-494C-A900-948B57748EDB}"
EndProject
Project("{FAE04EC0-301F-11D3-BF4B-00C04F79EFBC}") = "StorageMonster.Web", "StorageMonster.Web\StorageMonster.Web.csproj", "{57CB7EED-B541-4B1E-99EF-9357FD363007}"
EndProject
Project("{2150E333-8FDC-42A3-9474-1A3956D46DE8}") = "Config", "Config", "{9BFE85E5-26A3-49FC-9338-4917F44D894F}"
EndProject
Project("{2150E333-8FDC-42A3-9474-1A3956D46DE8}") = "Debug", "Debug", "{BA321132-B64F-47AD-8778-79DA99D7E5D2}"
	ProjectSection(SolutionItems) = preProject
		Config\Debug\AppConfig.xml = Config\Debug\AppConfig.xml
		Config\Debug\IoC.xml = Config\Debug\IoC.xml
		Config\Debug\Log4Net.xml = Config\Debug\Log4Net.xml
	EndProjectSection
EndProject
Project("{2150E333-8FDC-42A3-9474-1A3956D46DE8}") = "Tests", "Tests", "{8014E810-5B0A-4B23-85D7-DB98953E504C}"
	ProjectSection(SolutionItems) = preProject
		run_tests.sh = run_tests.sh
	EndProjectSection
EndProject
Project("{2150E333-8FDC-42A3-9474-1A3956D46DE8}") = "Tests", "Tests", "{2D253D46-1ADC-4DEC-8C28-26F710017C47}"
	ProjectSection(SolutionItems) = preProject
		Config\Tests\AppConfig.xml = Config\Tests\AppConfig.xml
	EndProjectSection
EndProject
Project("{FAE04EC0-301F-11D3-BF4B-00C04F79EFBC}") = "Tests.MySQL", "Tests\Tests.MySQL\Tests.MySQL.csproj", "{D2C9846A-51B9-4F60-996B-2D977F24BC44}"
EndProject
Project("{2150E333-8FDC-42A3-9474-1A3956D46DE8}") = "Build", "Build", "{6100E7FD-DA18-48A9-8888-7388DD413234}"
	ProjectSection(SolutionItems) = preProject
		build-debug.sh = build-debug.sh
	EndProjectSection
EndProject
Project("{2150E333-8FDC-42A3-9474-1A3956D46DE8}") = "Run", "Run", "{33E1C2E4-B037-4BFB-85C3-2A3A72D05DD5}"
	ProjectSection(SolutionItems) = preProject
		run-xsp.sh = run-xsp.sh
	EndProjectSection
EndProject
Project("{FAE04EC0-301F-11D3-BF4B-00C04F79EFBC}") = "StorageMonster.Util", "StorageMonster.Util\StorageMonster.Util.csproj", "{7B5F85BD-3FB7-4E5D-AAD5-9544F3172E40}"
EndProject
Project("{FAE04EC0-301F-11D3-BF4B-00C04F79EFBC}") = "StorageMonster.Services", "StorageMonster.Services\StorageMonster.Services.csproj", "{B61E23DE-4002-4748-985A-EEF1FF8EB3B1}"
EndProject
Global
	GlobalSection(SolutionConfigurationPlatforms) = preSolution
		Debug|Any CPU = Debug|Any CPU
		Release|Any CPU = Release|Any CPU
	EndGlobalSection
	GlobalSection(ProjectConfigurationPlatforms) = postSolution
		{7B42BC0B-C45B-41C8-9121-24B7C1D0BBBA}.Debug|Any CPU.ActiveCfg = Debug|Any CPU
		{7B42BC0B-C45B-41C8-9121-24B7C1D0BBBA}.Debug|Any CPU.Build.0 = Debug|Any CPU
		{7B42BC0B-C45B-41C8-9121-24B7C1D0BBBA}.Release|Any CPU.ActiveCfg = Release|Any CPU
		{7B42BC0B-C45B-41C8-9121-24B7C1D0BBBA}.Release|Any CPU.Build.0 = Release|Any CPU
		{9B4C5D0D-B76D-4EE5-8D51-60D8D7627C2B}.Debug|Any CPU.ActiveCfg = Debug|Any CPU
		{9B4C5D0D-B76D-4EE5-8D51-60D8D7627C2B}.Debug|Any CPU.Build.0 = Debug|Any CPU
		{9B4C5D0D-B76D-4EE5-8D51-60D8D7627C2B}.Release|Any CPU.ActiveCfg = Release|Any CPU
		{9B4C5D0D-B76D-4EE5-8D51-60D8D7627C2B}.Release|Any CPU.Build.0 = Release|Any CPU
		{CAA03339-8CEE-494C-A900-948B57748EDB}.Debug|Any CPU.ActiveCfg = Debug|Any CPU
		{CAA03339-8CEE-494C-A900-948B57748EDB}.Debug|Any CPU.Build.0 = Debug|Any CPU
		{CAA03339-8CEE-494C-A900-948B57748EDB}.Release|Any CPU.ActiveCfg = Release|Any CPU
		{CAA03339-8CEE-494C-A900-948B57748EDB}.Release|Any CPU.Build.0 = Release|Any CPU
		{57CB7EED-B541-4B1E-99EF-9357FD363007}.Debug|Any CPU.ActiveCfg = Debug|Any CPU
		{57CB7EED-B541-4B1E-99EF-9357FD363007}.Debug|Any CPU.Build.0 = Debug|Any CPU
		{57CB7EED-B541-4B1E-99EF-9357FD363007}.Release|Any CPU.ActiveCfg = Release|Any CPU
		{57CB7EED-B541-4B1E-99EF-9357FD363007}.Release|Any CPU.Build.0 = Release|Any CPU
		{D2C9846A-51B9-4F60-996B-2D977F24BC44}.Debug|Any CPU.ActiveCfg = Debug|Any CPU
		{D2C9846A-51B9-4F60-996B-2D977F24BC44}.Debug|Any CPU.Build.0 = Debug|Any CPU
		{D2C9846A-51B9-4F60-996B-2D977F24BC44}.Release|Any CPU.ActiveCfg = Release|Any CPU
		{D2C9846A-51B9-4F60-996B-2D977F24BC44}.Release|Any CPU.Build.0 = Release|Any CPU
		{7B5F85BD-3FB7-4E5D-AAD5-9544F3172E40}.Debug|Any CPU.ActiveCfg = Debug|Any CPU
		{7B5F85BD-3FB7-4E5D-AAD5-9544F3172E40}.Debug|Any CPU.Build.0 = Debug|Any CPU
		{7B5F85BD-3FB7-4E5D-AAD5-9544F3172E40}.Release|Any CPU.ActiveCfg = Release|Any CPU
		{7B5F85BD-3FB7-4E5D-AAD5-9544F3172E40}.Release|Any CPU.Build.0 = Release|Any CPU
		{B61E23DE-4002-4748-985A-EEF1FF8EB3B1}.Debug|Any CPU.ActiveCfg = Debug|Any CPU
		{B61E23DE-4002-4748-985A-EEF1FF8EB3B1}.Debug|Any CPU.Build.0 = Debug|Any CPU
		{B61E23DE-4002-4748-985A-EEF1FF8EB3B1}.Release|Any CPU.ActiveCfg = Release|Any CPU
		{B61E23DE-4002-4748-985A-EEF1FF8EB3B1}.Release|Any CPU.Build.0 = Release|Any CPU
	EndGlobalSection
	GlobalSection(SolutionProperties) = preSolution
		HideSolutionNode = FALSE
	EndGlobalSection
	GlobalSection(NestedProjects) = preSolution
		{BA321132-B64F-47AD-8778-79DA99D7E5D2} = {9BFE85E5-26A3-49FC-9338-4917F44D894F}
		{2D253D46-1ADC-4DEC-8C28-26F710017C47} = {9BFE85E5-26A3-49FC-9338-4917F44D894F}
		{D2C9846A-51B9-4F60-996B-2D977F24BC44} = {8014E810-5B0A-4B23-85D7-DB98953E504C}
	EndGlobalSection
	GlobalSection(MonoDevelopProperties) = preSolution
		StartupItem = StorageMonster.DB\StorageMonster.DB.csproj
	EndGlobalSection
EndGlobal
